// !$*UTF8*$!
{
	archiveVersion = 1;
	classes = {
	};
	objectVersion = 50;
	objects = {

/* Begin PBXBuildFile section */
		5B8F4E4025BAD4AE00F0C702 /* AppDelegate.swift in Sources */ = {isa = PBXBuildFile; fileRef = 5B8F4E3F25BAD4AE00F0C702 /* AppDelegate.swift */; };
		5B8F4E4225BAD4AE00F0C702 /* SceneDelegate.swift in Sources */ = {isa = PBXBuildFile; fileRef = 5B8F4E4125BAD4AE00F0C702 /* SceneDelegate.swift */; };
		5B8F4E4425BAD4AE00F0C702 /* ViewController.swift in Sources */ = {isa = PBXBuildFile; fileRef = 5B8F4E4325BAD4AE00F0C702 /* ViewController.swift */; };
		5B8F4E4725BAD4AE00F0C702 /* Main.storyboard in Resources */ = {isa = PBXBuildFile; fileRef = 5B8F4E4525BAD4AE00F0C702 /* Main.storyboard */; };
		5B8F4E4A25BAD4AE00F0C702 /* RxStudyMemo.xcdatamodeld in Sources */ = {isa = PBXBuildFile; fileRef = 5B8F4E4825BAD4AE00F0C702 /* RxStudyMemo.xcdatamodeld */; };
		5B8F4E4C25BAD4AF00F0C702 /* Assets.xcassets in Resources */ = {isa = PBXBuildFile; fileRef = 5B8F4E4B25BAD4AF00F0C702 /* Assets.xcassets */; };
		5B8F4E4F25BAD4AF00F0C702 /* LaunchScreen.storyboard in Resources */ = {isa = PBXBuildFile; fileRef = 5B8F4E4D25BAD4AF00F0C702 /* LaunchScreen.storyboard */; };
		AAA15E0B8DA7D68FF809616A /* Pods_RxStudyMemo.framework in Frameworks */ = {isa = PBXBuildFile; fileRef = 4BA88846940150A59ED135FD /* Pods_RxStudyMemo.framework */; };
/* End PBXBuildFile section */

/* Begin PBXFileReference section */
		4BA88846940150A59ED135FD /* Pods_RxStudyMemo.framework */ = {isa = PBXFileReference; explicitFileType = wrapper.framework; includeInIndex = 0; path = Pods_RxStudyMemo.framework; sourceTree = BUILT_PRODUCTS_DIR; };
		5B8F4E3C25BAD4AE00F0C702 /* RxStudyMemo.app */ = {isa = PBXFileReference; explicitFileType = wrapper.application; includeInIndex = 0; path = RxStudyMemo.app; sourceTree = BUILT_PRODUCTS_DIR; };
		5B8F4E3F25BAD4AE00F0C702 /* AppDelegate.swift */ = {isa = PBXFileReference; lastKnownFileType = sourcecode.swift; path = AppDelegate.swift; sourceTree = "<group>"; };
		5B8F4E4125BAD4AE00F0C702 /* SceneDelegate.swift */ = {isa = PBXFileReference; lastKnownFileType = sourcecode.swift; path = SceneDelegate.swift; sourceTree = "<group>"; };
		5B8F4E4325BAD4AE00F0C702 /* ViewController.swift */ = {isa = PBXFileReference; lastKnownFileType = sourcecode.swift; path = ViewController.swift; sourceTree = "<group>"; };
		5B8F4E4625BAD4AE00F0C702 /* Base */ = {isa = PBXFileReference; lastKnownFileType = file.storyboard; name = Base; path = Base.lproj/Main.storyboard; sourceTree = "<group>"; };
		5B8F4E4925BAD4AE00F0C702 /* RxStudyMemo.xcdatamodel */ = {isa = PBXFileReference; lastKnownFileType = wrapper.xcdatamodel; path = RxStudyMemo.xcdatamodel; sourceTree = "<group>"; };
		5B8F4E4B25BAD4AF00F0C702 /* Assets.xcassets */ = {isa = PBXFileReference; lastKnownFileType = folder.assetcatalog; path = Assets.xcassets; sourceTree = "<group>"; };
		5B8F4E4E25BAD4AF00F0C702 /* Base */ = {isa = PBXFileReference; lastKnownFileType = file.storyboard; name = Base; path = Base.lproj/LaunchScreen.storyboard; sourceTree = "<group>"; };
		5B8F4E5025BAD4AF00F0C702 /* Info.plist */ = {isa = PBXFileReference; lastKnownFileType = text.plist.xml; path = Info.plist; sourceTree = "<group>"; };
		DC0820901AC58C44BA3666C9 /* Pods-RxStudyMemo.debug.xcconfig */ = {isa = PBXFileReference; includeInIndex = 1; lastKnownFileType = text.xcconfig; name = "Pods-RxStudyMemo.debug.xcconfig"; path = "Target Support Files/Pods-RxStudyMemo/Pods-RxStudyMemo.debug.xcconfig"; sourceTree = "<group>"; };
		EA557260A39DB9A60A0E2E5A /* Pods-RxStudyMemo.release.xcconfig */ = {isa = PBXFileReference; includeInIndex = 1; lastKnownFileType = text.xcconfig; name = "Pods-RxStudyMemo.release.xcconfig"; path = "Target Support Files/Pods-RxStudyMemo/Pods-RxStudyMemo.release.xcconfig"; sourceTree = "<group>"; };
/* End PBXFileReference section */

/* Begin PBXFrameworksBuildPhase section */
		5B8F4E3925BAD4AE00F0C702 /* Frameworks */ = {
			isa = PBXFrameworksBuildPhase;
			buildActionMask = 2147483647;
			files = (
				AAA15E0B8DA7D68FF809616A /* Pods_RxStudyMemo.framework in Frameworks */,
			);
			runOnlyForDeploymentPostprocessing = 0;
		};
/* End PBXFrameworksBuildPhase section */

/* Begin PBXGroup section */
		5B8F4E3325BAD4AE00F0C702 = {
			isa = PBXGroup;
			children = (
				5B8F4E3E25BAD4AE00F0C702 /* RxStudyMemo */,
				5B8F4E3D25BAD4AE00F0C702 /* Products */,
				ECDDB8A256F048A16C4C50AB /* Pods */,
				F77035F5BD96AA8A3A6BACA0 /* Frameworks */,
			);
			sourceTree = "<group>";
		};
		5B8F4E3D25BAD4AE00F0C702 /* Products */ = {
			isa = PBXGroup;
			children = (
				5B8F4E3C25BAD4AE00F0C702 /* RxStudyMemo.app */,
			);
			name = Products;
			sourceTree = "<group>";
		};
		5B8F4E3E25BAD4AE00F0C702 /* RxStudyMemo */ = {
			isa = PBXGroup;
			children = (
				5B8F4E3F25BAD4AE00F0C702 /* AppDelegate.swift */,
				5B8F4E4125BAD4AE00F0C702 /* SceneDelegate.swift */,
				5B8F4E4325BAD4AE00F0C702 /* ViewController.swift */,
				5B8F4E4525BAD4AE00F0C702 /* Main.storyboard */,
				5B8F4E4B25BAD4AF00F0C702 /* Assets.xcassets */,
				5B8F4E4D25BAD4AF00F0C702 /* LaunchScreen.storyboard */,
				5B8F4E5025BAD4AF00F0C702 /* Info.plist */,
				5B8F4E4825BAD4AE00F0C702 /* RxStudyMemo.xcdatamodeld */,
			);
			path = RxStudyMemo;
			sourceTree = "<group>";
		};
		ECDDB8A256F048A16C4C50AB /* Pods */ = {
			isa = PBXGroup;
			children = (
				DC0820901AC58C44BA3666C9 /* Pods-RxStudyMemo.debug.xcconfig */,
				EA557260A39DB9A60A0E2E5A /* Pods-RxStudyMemo.release.xcconfig */,
			);
			name = Pods;
			path = Pods;
			sourceTree = "<group>";
		};
		F77035F5BD96AA8A3A6BACA0 /* Frameworks */ = {
			isa = PBXGroup;
			children = (
				4BA88846940150A59ED135FD /* Pods_RxStudyMemo.framework */,
			);
			name = Frameworks;
			sourceTree = "<group>";
		};
/* End PBXGroup section */

/* Begin PBXNativeTarget section */
		5B8F4E3B25BAD4AE00F0C702 /* RxStudyMemo */ = {
			isa = PBXNativeTarget;
			buildConfigurationList = 5B8F4E5325BAD4AF00F0C702 /* Build configuration list for PBXNativeTarget "RxStudyMemo" */;
			buildPhases = (
				BCA07C5440E893D5E407E9DC /* [CP] Check Pods Manifest.lock */,
				5B8F4E3825BAD4AE00F0C702 /* Sources */,
				5B8F4E3925BAD4AE00F0C702 /* Frameworks */,
				5B8F4E3A25BAD4AE00F0C702 /* Resources */,
				548C26F518C0CE8B6A89DFF6 /* [CP] Embed Pods Frameworks */,
			);
			buildRules = (
			);
			dependencies = (
			);
			name = RxStudyMemo;
			productName = RxStudyMemo;
			productReference = 5B8F4E3C25BAD4AE00F0C702 /* RxStudyMemo.app */;
			productType = "com.apple.product-type.application";
		};
/* End PBXNativeTarget section */

/* Begin PBXProject section */
		5B8F4E3425BAD4AE00F0C702 /* Project object */ = {
			isa = PBXProject;
			attributes = {
				LastSwiftUpdateCheck = 1230;
				LastUpgradeCheck = 1230;
				TargetAttributes = {
					5B8F4E3B25BAD4AE00F0C702 = {
						CreatedOnToolsVersion = 12.3;
					};
				};
			};
			buildConfigurationList = 5B8F4E3725BAD4AE00F0C702 /* Build configuration list for PBXProject "RxStudyMemo" */;
			compatibilityVersion = "Xcode 9.3";
			developmentRegion = en;
			hasScannedForEncodings = 0;
			knownRegions = (
				en,
				Base,
			);
			mainGroup = 5B8F4E3325BAD4AE00F0C702;
			productRefGroup = 5B8F4E3D25BAD4AE00F0C702 /* Products */;
			projectDirPath = "";
			projectRoot = "";
			targets = (
				5B8F4E3B25BAD4AE00F0C702 /* RxStudyMemo */,
			);
		};
/* End PBXProject section */

/* Begin PBXResourcesBuildPhase section */
		5B8F4E3A25BAD4AE00F0C702 /* Resources */ = {
			isa = PBXResourcesBuildPhase;
			buildActionMask = 2147483647;
			files = (
				5B8F4E4F25BAD4AF00F0C702 /* LaunchScreen.storyboard in Resources */,
				5B8F4E4C25BAD4AF00F0C702 /* Assets.xcassets in Resources */,
				5B8F4E4725BAD4AE00F0C702 /* Main.storyboard in Resources */,
			);
			runOnlyForDeploymentPostprocessing = 0;
		};
/* End PBXResourcesBuildPhase section */

/* Begin PBXShellScriptBuildPhase section */
		548C26F518C0CE8B6A89DFF6 /* [CP] Embed Pods Frameworks */ = {
			isa = PBXShellScriptBuildPhase;
			buildActionMask = 2147483647;
			files = (
			);
			inputFileListPaths = (
				"${PODS_ROOT}/Target Support Files/Pods-RxStudyMemo/Pods-RxStudyMemo-frameworks-${CONFIGURATION}-input-files.xcfilelist",
			);
			name = "[CP] Embed Pods Frameworks";
			outputFileListPaths = (
				"${PODS_ROOT}/Target Support Files/Pods-RxStudyMemo/Pods-RxStudyMemo-frameworks-${CONFIGURATION}-output-files.xcfilelist",
			);
			runOnlyForDeploymentPostprocessing = 0;
			shellPath = /bin/sh;
			shellScript = "\"${PODS_ROOT}/Target Support Files/Pods-RxStudyMemo/Pods-RxStudyMemo-frameworks.sh\"\n";
			showEnvVarsInLog = 0;
		};
		BCA07C5440E893D5E407E9DC /* [CP] Check Pods Manifest.lock */ = {
			isa = PBXShellScriptBuildPhase;
			buildActionMask = 2147483647;
			files = (
			);
			inputFileListPaths = (
			);
			inputPaths = (
				"${PODS_PODFILE_DIR_PATH}/Podfile.lock",
				"${PODS_ROOT}/Manifest.lock",
			);
			name = "[CP] Check Pods Manifest.lock";
			outputFileListPaths = (
			);
			outputPaths = (
				"$(DERIVED_FILE_DIR)/Pods-RxStudyMemo-checkManifestLockResult.txt",
			);
			runOnlyForDeploymentPostprocessing = 0;
			shellPath = /bin/sh;
			shellScript = "diff \"${PODS_PODFILE_DIR_PATH}/Podfile.lock\" \"${PODS_ROOT}/Manifest.lock\" > /dev/null\nif [ $? != 0 ] ; then\n    # print error to STDERR\n    echo \"error: The sandbox is not in sync with the Podfile.lock. Run 'pod install' or update your CocoaPods installation.\" >&2\n    exit 1\nfi\n# This output is used by Xcode 'outputs' to avoid re-running this script phase.\necho \"SUCCESS\" > \"${SCRIPT_OUTPUT_FILE_0}\"\n";
			showEnvVarsInLog = 0;
		};
/* End PBXShellScriptBuildPhase section */

/* Begin PBXSourcesBuildPhase section */
		5B8F4E3825BAD4AE00F0C702 /* Sources */ = {
			isa = PBXSourcesBuildPhase;
			buildActionMask = 2147483647;
			files = (
				5B8F4E4425BAD4AE00F0C702 /* ViewController.swift in Sources */,
				5B8F4E4A25BAD4AE00F0C702 /* RxStudyMemo.xcdatamodeld in Sources */,
				5B8F4E4025BAD4AE00F0C702 /* AppDelegate.swift in Sources */,
				5B8F4E4225BAD4AE00F0C702 /* SceneDelegate.swift in Sources */,
			);
			runOnlyForDeploymentPostprocessing = 0;
		};
/* End PBXSourcesBuildPhase section */

/* Begin PBXVariantGroup section */
		5B8F4E4525BAD4AE00F0C702 /* Main.storyboard */ = {
			isa = PBXVariantGroup;
			children = (
				5B8F4E4625BAD4AE00F0C702 /* Base */,
			);
			name = Main.storyboard;
			sourceTree = "<group>";
		};
		5B8F4E4D25BAD4AF00F0C702 /* LaunchScreen.storyboard */ = {
			isa = PBXVariantGroup;
			children = (
				5B8F4E4E25BAD4AF00F0C702 /* Base */,
			);
			name = LaunchScreen.storyboard;
			sourceTree = "<group>";
		};
/* End PBXVariantGroup section */

/* Begin XCBuildConfiguration section */
		5B8F4E5125BAD4AF00F0C702 /* Debug */ = {
			isa = XCBuildConfiguration;
			buildSettings = {
				ALWAYS_SEARCH_USER_PATHS = NO;
				CLANG_ANALYZER_NONNULL = YES;
				CLANG_ANALYZER_NUMBER_OBJECT_CONVERSION = YES_AGGRESSIVE;
				CLANG_CXX_LANGUAGE_STANDARD = "gnu++14";
				CLANG_CXX_LIBRARY = "libc++";
				CLANG_ENABLE_MODULES = YES;
				CLANG_ENABLE_OBJC_ARC = YES;
				CLANG_ENABLE_OBJC_WEAK = YES;
				CLANG_WARN_BLOCK_CAPTURE_AUTORELEASING = YES;
				CLANG_WARN_BOOL_CONVERSION = YES;
				CLANG_WARN_COMMA = YES;
				CLANG_WARN_CONSTANT_CONVERSION = YES;
				CLANG_WARN_DEPRECATED_OBJC_IMPLEMENTATIONS = YES;
				CLANG_WARN_DIRECT_OBJC_ISA_USAGE = YES_ERROR;
				CLANG_WARN_DOCUMENTATION_COMMENTS = YES;
				CLANG_WARN_EMPTY_BODY = YES;
				CLANG_WARN_ENUM_CONVERSION = YES;
				CLANG_WARN_INFINITE_RECURSION = YES;
				CLANG_WARN_INT_CONVERSION = YES;
				CLANG_WARN_NON_LITERAL_NULL_CONVERSION = YES;
				CLANG_WARN_OBJC_IMPLICIT_RETAIN_SELF = YES;
				CLANG_WARN_OBJC_LITERAL_CONVERSION = YES;
				CLANG_WARN_OBJC_ROOT_CLASS = YES_ERROR;
				CLANG_WARN_QUOTED_INCLUDE_IN_FRAMEWORK_HEADER = YES;
				CLANG_WARN_RANGE_LOOP_ANALYSIS = YES;
				CLANG_WARN_STRICT_PROTOTYPES = YES;
				CLANG_WARN_SUSPICIOUS_MOVE = YES;
				CLANG_WARN_UNGUARDED_AVAILABILITY = YES_AGGRESSIVE;
				CLANG_WARN_UNREACHABLE_CODE = YES;
				CLANG_WARN__DUPLICATE_METHOD_MATCH = YES;
				COPY_PHASE_STRIP = NO;
				DEBUG_INFORMATION_FORMAT = dwarf;
				ENABLE_STRICT_OBJC_MSGSEND = YES;
				ENABLE_TESTABILITY = YES;
				GCC_C_LANGUAGE_STANDARD = gnu11;
				GCC_DYNAMIC_NO_PIC = NO;
				GCC_NO_COMMON_BLOCKS = YES;
				GCC_OPTIMIZATION_LEVEL = 0;
				GCC_PREPROCESSOR_DEFINITIONS = (
					"DEBUG=1",
					"$(inherited)",
				);
				GCC_WARN_64_TO_32_BIT_CONVERSION = YES;
				GCC_WARN_ABOUT_RETURN_TYPE = YES_ERROR;
				GCC_WARN_UNDECLARED_SELECTOR = YES;
				GCC_WARN_UNINITIALIZED_AUTOS = YES_AGGRESSIVE;
				GCC_WARN_UNUSED_FUNCTION = YES;
				GCC_WARN_UNUSED_VARIABLE = YES;
				IPHONEOS_DEPLOYMENT_TARGET = 12.0;
				MTL_ENABLE_DEBUG_INFO = INCLUDE_SOURCE;
				MTL_FAST_MATH = YES;
				ONLY_ACTIVE_ARCH = YES;
				SDKROOT = iphoneos;
				SWIFT_ACTIVE_COMPILATION_CONDITIONS = DEBUG;
				SWIFT_OPTIMIZATION_LEVEL = "-Onone";
			};
			name = Debug;
		};
		5B8F4E5225BAD4AF00F0C702 /* Release */ = {
			isa = XCBuildConfiguration;
			buildSettings = {
				ALWAYS_SEARCH_USER_PATHS = NO;
				CLANG_ANALYZER_NONNULL = YES;
				CLANG_ANALYZER_NUMBER_OBJECT_CONVERSION = YES_AGGRESSIVE;
				CLANG_CXX_LANGUAGE_STANDARD = "gnu++14";
				CLANG_CXX_LIBRARY = "libc++";
				CLANG_ENABLE_MODULES = YES;
				CLANG_ENABLE_OBJC_ARC = YES;
				CLANG_ENABLE_OBJC_WEAK = YES;
				CLANG_WARN_BLOCK_CAPTURE_AUTORELEASING = YES;
				CLANG_WARN_BOOL_CONVERSION = YES;
				CLANG_WARN_COMMA = YES;
				CLANG_WARN_CONSTANT_CONVERSION = YES;
				CLANG_WARN_DEPRECATED_OBJC_IMPLEMENTATIONS = YES;
				CLANG_WARN_DIRECT_OBJC_ISA_USAGE = YES_ERROR;
				CLANG_WARN_DOCUMENTATION_COMMENTS = YES;
				CLANG_WARN_EMPTY_BODY = YES;
				CLANG_WARN_ENUM_CONVERSION = YES;
				CLANG_WARN_INFINITE_RECURSION = YES;
				CLANG_WARN_INT_CONVERSION = YES;
				CLANG_WARN_NON_LITERAL_NULL_CONVERSION = YES;
				CLANG_WARN_OBJC_IMPLICIT_RETAIN_SELF = YES;
				CLANG_WARN_OBJC_LITERAL_CONVERSION = YES;
				CLANG_WARN_OBJC_ROOT_CLASS = YES_ERROR;
				CLANG_WARN_QUOTED_INCLUDE_IN_FRAMEWORK_HEADER = YES;
				CLANG_WARN_RANGE_LOOP_ANALYSIS = YES;
				CLANG_WARN_STRICT_PROTOTYPES = YES;
				CLANG_WARN_SUSPICIOUS_MOVE = YES;
				CLANG_WARN_UNGUARDED_AVAILABILITY = YES_AGGRESSIVE;
				CLANG_WARN_UNREACHABLE_CODE = YES;
				CLANG_WARN__DUPLICATE_METHOD_MATCH = YES;
				COPY_PHASE_STRIP = NO;
				DEBUG_INFORMATION_FORMAT = "dwarf-with-dsym";
				ENABLE_NS_ASSERTIONS = NO;
				ENABLE_STRICT_OBJC_MSGSEND = YES;
				GCC_C_LANGUAGE_STANDARD = gnu11;
				GCC_NO_COMMON_BLOCKS = YES;
				GCC_WARN_64_TO_32_BIT_CONVERSION = YES;
				GCC_WARN_ABOUT_RETURN_TYPE = YES_ERROR;
				GCC_WARN_UNDECLARED_SELECTOR = YES;
				GCC_WARN_UNINITIALIZED_AUTOS = YES_AGGRESSIVE;
				GCC_WARN_UNUSED_FUNCTION = YES;
				GCC_WARN_UNUSED_VARIABLE = YES;
				IPHONEOS_DEPLOYMENT_TARGET = 12.0;
				MTL_ENABLE_DEBUG_INFO = NO;
				MTL_FAST_MATH = YES;
				SDKROOT = iphoneos;
				SWIFT_COMPILATION_MODE = wholemodule;
				SWIFT_OPTIMIZATION_LEVEL = "-O";
				VALIDATE_PRODUCT = YES;
			};
			name = Release;
		};
		5B8F4E5425BAD4AF00F0C702 /* Debug */ = {
			isa = XCBuildConfiguration;
			baseConfigurationReference = DC0820901AC58C44BA3666C9 /* Pods-RxStudyMemo.debug.xcconfig */;
			buildSettings = {
				ASSETCATALOG_COMPILER_APPICON_NAME = AppIcon;
				ASSETCATALOG_COMPILER_GLOBAL_ACCENT_COLOR_NAME = AccentColor;
				CODE_SIGN_STYLE = Automatic;
				DEVELOPMENT_TEAM = VDFGK9GV66;
				INFOPLIST_FILE = RxStudyMemo/Info.plist;
				LD_RUNPATH_SEARCH_PATHS = (
					"$(inherited)",
					"@executable_path/Frameworks",
				);
				PRODUCT_BUNDLE_IDENTIFIER = none.RxStudyMemo;
				PRODUCT_NAME = "$(TARGET_NAME)";
				SWIFT_VERSION = 5.0;
				TARGETED_DEVICE_FAMILY = "1,2";
			};
			name = Debug;
		};
		5B8F4E5525BAD4AF00F0C702 /* Release */ = {
			isa = XCBuildConfiguration;
			baseConfigurationReference = EA557260A39DB9A60A0E2E5A /* Pods-RxStudyMemo.release.xcconfig */;
			buildSettings = {
				ASSETCATALOG_COMPILER_APPICON_NAME = AppIcon;
				ASSETCATALOG_COMPILER_GLOBAL_ACCENT_COLOR_NAME = AccentColor;
				CODE_SIGN_STYLE = Automatic;
				DEVELOPMENT_TEAM = VDFGK9GV66;
				INFOPLIST_FILE = RxStudyMemo/Info.plist;
				LD_RUNPATH_SEARCH_PATHS = (
					"$(inherited)",
					"@executable_path/Frameworks",
				);
				PRODUCT_BUNDLE_IDENTIFIER = none.RxStudyMemo;
				PRODUCT_NAME = "$(TARGET_NAME)";
				SWIFT_VERSION = 5.0;
				TARGETED_DEVICE_FAMILY = "1,2";
			};
			name = Release;
		};
/* End XCBuildConfiguration section */

/* Begin XCConfigurationList section */
		5B8F4E3725BAD4AE00F0C702 /* Build configuration list for PBXProject "RxStudyMemo" */ = {
			isa = XCConfigurationList;
			buildConfigurations = (
				5B8F4E5125BAD4AF00F0C702 /* Debug */,
				5B8F4E5225BAD4AF00F0C702 /* Release */,
			);
			defaultConfigurationIsVisible = 0;
			defaultConfigurationName = Release;
		};
		5B8F4E5325BAD4AF00F0C702 /* Build configuration list for PBXNativeTarget "RxStudyMemo" */ = {
			isa = XCConfigurationList;
			buildConfigurations = (
				5B8F4E5425BAD4AF00F0C702 /* Debug */,
				5B8F4E5525BAD4AF00F0C702 /* Release */,
			);
			defaultConfigurationIsVisible = 0;
			defaultConfigurationName = Release;
		};
/* End XCConfigurationList section */

/* Begin XCVersionGroup section */
		5B8F4E4825BAD4AE00F0C702 /* RxStudyMemo.xcdatamodeld */ = {
			isa = XCVersionGroup;
			children = (
				5B8F4E4925BAD4AE00F0C702 /* RxStudyMemo.xcdatamodel */,
			);
			currentVersion = 5B8F4E4925BAD4AE00F0C702 /* RxStudyMemo.xcdatamodel */;
			path = RxStudyMemo.xcdatamodeld;
			sourceTree = "<group>";
			versionGroupType = wrapper.xcdatamodel;
		};
/* End XCVersionGroup section */
	};
	rootObject = 5B8F4E3425BAD4AE00F0C702 /* Project object */;
}
